// !$*UTF8*$!
{
	archiveVersion = 1;
	classes = {
	};
	objectVersion = 50;
	objects = {

/* Begin PBXBuildFile section */
		FCE396E5261B9F4600215403 /* Connect4App.swift in Sources */ = {isa = PBXBuildFile; fileRef = FCE396E4261B9F4600215403 /* Connect4App.swift */; };
		FCE396E7261B9F4600215403 /* ContentView.swift in Sources */ = {isa = PBXBuildFile; fileRef = FCE396E6261B9F4600215403 /* ContentView.swift */; };
		FCE396E9261B9F4700215403 /* Assets.xcassets in Resources */ = {isa = PBXBuildFile; fileRef = FCE396E8261B9F4700215403 /* Assets.xcassets */; };
		FCE396EC261B9F4700215403 /* Preview Assets.xcassets in Resources */ = {isa = PBXBuildFile; fileRef = FCE396EB261B9F4700215403 /* Preview Assets.xcassets */; };
		FCE396F8261B9F4700215403 /* Connect4Tests.swift in Sources */ = {isa = PBXBuildFile; fileRef = FCE396F7261B9F4700215403 /* Connect4Tests.swift */; };
		FCE39703261B9F4700215403 /* Connect4UITests.swift in Sources */ = {isa = PBXBuildFile; fileRef = FCE39702261B9F4700215403 /* Connect4UITests.swift */; };
/* End PBXBuildFile section */

/* Begin PBXContainerItemProxy section */
		FCE396F4261B9F4700215403 /* PBXContainerItemProxy */ = {
			isa = PBXContainerItemProxy;
			containerPortal = FCE396D9261B9F4600215403 /* Project object */;
			proxyType = 1;
			remoteGlobalIDString = FCE396E0261B9F4600215403;
			remoteInfo = Connect4;
		};
		FCE396FF261B9F4700215403 /* PBXContainerItemProxy */ = {
			isa = PBXContainerItemProxy;
			containerPortal = FCE396D9261B9F4600215403 /* Project object */;
			proxyType = 1;
			remoteGlobalIDString = FCE396E0261B9F4600215403;
			remoteInfo = Connect4;
		};
/* End PBXContainerItemProxy section */

/* Begin PBXFileReference section */
		FCE396E1261B9F4600215403 /* Connect4.app */ = {isa = PBXFileReference; explicitFileType = wrapper.application; includeInIndex = 0; path = Connect4.app; sourceTree = BUILT_PRODUCTS_DIR; };
		FCE396E4261B9F4600215403 /* Connect4App.swift */ = {isa = PBXFileReference; lastKnownFileType = sourcecode.swift; path = Connect4App.swift; sourceTree = "<group>"; };
		FCE396E6261B9F4600215403 /* ContentView.swift */ = {isa = PBXFileReference; lastKnownFileType = sourcecode.swift; path = ContentView.swift; sourceTree = "<group>"; };
		FCE396E8261B9F4700215403 /* Assets.xcassets */ = {isa = PBXFileReference; lastKnownFileType = folder.assetcatalog; path = Assets.xcassets; sourceTree = "<group>"; };
		FCE396EB261B9F4700215403 /* Preview Assets.xcassets */ = {isa = PBXFileReference; lastKnownFileType = folder.assetcatalog; path = "Preview Assets.xcassets"; sourceTree = "<group>"; };
		FCE396ED261B9F4700215403 /* Info.plist */ = {isa = PBXFileReference; lastKnownFileType = text.plist.xml; path = Info.plist; sourceTree = "<group>"; };
		FCE396EE261B9F4700215403 /* Connect4.entitlements */ = {isa = PBXFileReference; lastKnownFileType = text.plist.entitlements; path = Connect4.entitlements; sourceTree = "<group>"; };
		FCE396F3261B9F4700215403 /* Connect4Tests.xctest */ = {isa = PBXFileReference; explicitFileType = wrapper.cfbundle; includeInIndex = 0; path = Connect4Tests.xctest; sourceTree = BUILT_PRODUCTS_DIR; };
		FCE396F7261B9F4700215403 /* Connect4Tests.swift */ = {isa = PBXFileReference; lastKnownFileType = sourcecode.swift; path = Connect4Tests.swift; sourceTree = "<group>"; };
		FCE396F9261B9F4700215403 /* Info.plist */ = {isa = PBXFileReference; lastKnownFileType = text.plist.xml; path = Info.plist; sourceTree = "<group>"; };
		FCE396FE261B9F4700215403 /* Connect4UITests.xctest */ = {isa = PBXFileReference; explicitFileType = wrapper.cfbundle; includeInIndex = 0; path = Connect4UITests.xctest; sourceTree = BUILT_PRODUCTS_DIR; };
		FCE39702261B9F4700215403 /* Connect4UITests.swift */ = {isa = PBXFileReference; lastKnownFileType = sourcecode.swift; path = Connect4UITests.swift; sourceTree = "<group>"; };
		FCE39704261B9F4700215403 /* Info.plist */ = {isa = PBXFileReference; lastKnownFileType = text.plist.xml; path = Info.plist; sourceTree = "<group>"; };
/* End PBXFileReference section */

/* Begin PBXFrameworksBuildPhase section */
		FCE396DE261B9F4600215403 /* Frameworks */ = {
			isa = PBXFrameworksBuildPhase;
			buildActionMask = 2147483647;
			files = (
			);
			runOnlyForDeploymentPostprocessing = 0;
		};
		FCE396F0261B9F4700215403 /* Frameworks */ = {
			isa = PBXFrameworksBuildPhase;
			buildActionMask = 2147483647;
			files = (
			);
			runOnlyForDeploymentPostprocessing = 0;
		};
		FCE396FB261B9F4700215403 /* Frameworks */ = {
			isa = PBXFrameworksBuildPhase;
			buildActionMask = 2147483647;
			files = (
			);
			runOnlyForDeploymentPostprocessing = 0;
		};
/* End PBXFrameworksBuildPhase section */

/* Begin PBXGroup section */
		FCE396D8261B9F4600215403 = {
			isa = PBXGroup;
			children = (
				FCE396E3261B9F4600215403 /* Connect4 */,
				FCE396F6261B9F4700215403 /* Connect4Tests */,
				FCE39701261B9F4700215403 /* Connect4UITests */,
				FCE396E2261B9F4600215403 /* Products */,
			);
			sourceTree = "<group>";
		};
		FCE396E2261B9F4600215403 /* Products */ = {
			isa = PBXGroup;
			children = (
				FCE396E1261B9F4600215403 /* Connect4.app */,
				FCE396F3261B9F4700215403 /* Connect4Tests.xctest */,
				FCE396FE261B9F4700215403 /* Connect4UITests.xctest */,
			);
			name = Products;
			sourceTree = "<group>";
		};
		FCE396E3261B9F4600215403 /* Connect4 */ = {
			isa = PBXGroup;
			children = (
				FCE396E4261B9F4600215403 /* Connect4App.swift */,
				FCE396E6261B9F4600215403 /* ContentView.swift */,
				FCE396E8261B9F4700215403 /* Assets.xcassets */,
				FCE396ED261B9F4700215403 /* Info.plist */,
				FCE396EE261B9F4700215403 /* Connect4.entitlements */,
				FCE396EA261B9F4700215403 /* Preview Content */,
			);
			path = Connect4;
			sourceTree = "<group>";
		};
		FCE396EA261B9F4700215403 /* Preview Content */ = {
			isa = PBXGroup;
			children = (
				FCE396EB261B9F4700215403 /* Preview Assets.xcassets */,
			);
			path = "Preview Content";
			sourceTree = "<group>";
		};
		FCE396F6261B9F4700215403 /* Connect4Tests */ = {
			isa = PBXGroup;
			children = (
				FCE396F7261B9F4700215403 /* Connect4Tests.swift */,
				FCE396F9261B9F4700215403 /* Info.plist */,
			);
			path = Connect4Tests;
			sourceTree = "<group>";
		};
		FCE39701261B9F4700215403 /* Connect4UITests */ = {
			isa = PBXGroup;
			children = (
				FCE39702261B9F4700215403 /* Connect4UITests.swift */,
				FCE39704261B9F4700215403 /* Info.plist */,
			);
			path = Connect4UITests;
			sourceTree = "<group>";
		};
/* End PBXGroup section */

/* Begin PBXNativeTarget section */
		FCE396E0261B9F4600215403 /* Connect4 */ = {
			isa = PBXNativeTarget;
			buildConfigurationList = FCE39707261B9F4700215403 /* Build configuration list for PBXNativeTarget "Connect4" */;
			buildPhases = (
				FCE396DD261B9F4600215403 /* Sources */,
				FCE396DE261B9F4600215403 /* Frameworks */,
				FCE396DF261B9F4600215403 /* Resources */,
			);
			buildRules = (
			);
			dependencies = (
			);
			name = Connect4;
			productName = Connect4;
			productReference = FCE396E1261B9F4600215403 /* Connect4.app */;
			productType = "com.apple.product-type.application";
		};
		FCE396F2261B9F4700215403 /* Connect4Tests */ = {
			isa = PBXNativeTarget;
			buildConfigurationList = FCE3970A261B9F4700215403 /* Build configuration list for PBXNativeTarget "Connect4Tests" */;
			buildPhases = (
				FCE396EF261B9F4700215403 /* Sources */,
				FCE396F0261B9F4700215403 /* Frameworks */,
				FCE396F1261B9F4700215403 /* Resources */,
			);
			buildRules = (
			);
			dependencies = (
				FCE396F5261B9F4700215403 /* PBXTargetDependency */,
			);
			name = Connect4Tests;
			productName = Connect4Tests;
			productReference = FCE396F3261B9F4700215403 /* Connect4Tests.xctest */;
			productType = "com.apple.product-type.bundle.unit-test";
		};
		FCE396FD261B9F4700215403 /* Connect4UITests */ = {
			isa = PBXNativeTarget;
			buildConfigurationList = FCE3970D261B9F4700215403 /* Build configuration list for PBXNativeTarget "Connect4UITests" */;
			buildPhases = (
				FCE396FA261B9F4700215403 /* Sources */,
				FCE396FB261B9F4700215403 /* Frameworks */,
				FCE396FC261B9F4700215403 /* Resources */,
			);
			buildRules = (
			);
			dependencies = (
				FCE39700261B9F4700215403 /* PBXTargetDependency */,
			);
			name = Connect4UITests;
			productName = Connect4UITests;
			productReference = FCE396FE261B9F4700215403 /* Connect4UITests.xctest */;
			productType = "com.apple.product-type.bundle.ui-testing";
		};
/* End PBXNativeTarget section */

/* Begin PBXProject section */
		FCE396D9261B9F4600215403 /* Project object */ = {
			isa = PBXProject;
			attributes = {
				LastSwiftUpdateCheck = 1230;
				LastUpgradeCheck = 1230;
				TargetAttributes = {
					FCE396E0261B9F4600215403 = {
						CreatedOnToolsVersion = 12.3;
					};
					FCE396F2261B9F4700215403 = {
						CreatedOnToolsVersion = 12.3;
						TestTargetID = FCE396E0261B9F4600215403;
					};
					FCE396FD261B9F4700215403 = {
						CreatedOnToolsVersion = 12.3;
						TestTargetID = FCE396E0261B9F4600215403;
					};
				};
			};
			buildConfigurationList = FCE396DC261B9F4600215403 /* Build configuration list for PBXProject "Connect4" */;
			compatibilityVersion = "Xcode 9.3";
			developmentRegion = en;
			hasScannedForEncodings = 0;
			knownRegions = (
				en,
				Base,
			);
			mainGroup = FCE396D8261B9F4600215403;
			productRefGroup = FCE396E2261B9F4600215403 /* Products */;
			projectDirPath = "";
			projectRoot = "";
			targets = (
				FCE396E0261B9F4600215403 /* Connect4 */,
				FCE396F2261B9F4700215403 /* Connect4Tests */,
				FCE396FD261B9F4700215403 /* Connect4UITests */,
			);
		};
/* End PBXProject section */

/* Begin PBXResourcesBuildPhase section */
		FCE396DF261B9F4600215403 /* Resources */ = {
			isa = PBXResourcesBuildPhase;
			buildActionMask = 2147483647;
			files = (
				FCE396EC261B9F4700215403 /* Preview Assets.xcassets in Resources */,
				FCE396E9261B9F4700215403 /* Assets.xcassets in Resources */,
			);
			runOnlyForDeploymentPostprocessing = 0;
		};
		FCE396F1261B9F4700215403 /* Resources */ = {
			isa = PBXResourcesBuildPhase;
			buildActionMask = 2147483647;
			files = (
			);
			runOnlyForDeploymentPostprocessing = 0;
		};
		FCE396FC261B9F4700215403 /* Resources */ = {
			isa = PBXResourcesBuildPhase;
			buildActionMask = 2147483647;
			files = (
			);
			runOnlyForDeploymentPostprocessing = 0;
		};
/* End PBXResourcesBuildPhase section */

/* Begin PBXSourcesBuildPhase section */
		FCE396DD261B9F4600215403 /* Sources */ = {
			isa = PBXSourcesBuildPhase;
			buildActionMask = 2147483647;
			files = (
				FCE396E7261B9F4600215403 /* ContentView.swift in Sources */,
				FCE396E5261B9F4600215403 /* Connect4App.swift in Sources */,
			);
			runOnlyForDeploymentPostprocessing = 0;
		};
		FCE396EF261B9F4700215403 /* Sources */ = {
			isa = PBXSourcesBuildPhase;
			buildActionMask = 2147483647;
			files = (
				FCE396F8261B9F4700215403 /* Connect4Tests.swift in Sources */,
			);
			runOnlyForDeploymentPostprocessing = 0;
		};
		FCE396FA261B9F4700215403 /* Sources */ = {
			isa = PBXSourcesBuildPhase;
			buildActionMask = 2147483647;
			files = (
				FCE39703261B9F4700215403 /* Connect4UITests.swift in Sources */,
			);
			runOnlyForDeploymentPostprocessing = 0;
		};
/* End PBXSourcesBuildPhase section */

/* Begin PBXTargetDependency section */
		FCE396F5261B9F4700215403 /* PBXTargetDependency */ = {
			isa = PBXTargetDependency;
			target = FCE396E0261B9F4600215403 /* Connect4 */;
			targetProxy = FCE396F4261B9F4700215403 /* PBXContainerItemProxy */;
		};
		FCE39700261B9F4700215403 /* PBXTargetDependency */ = {
			isa = PBXTargetDependency;
			target = FCE396E0261B9F4600215403 /* Connect4 */;
			targetProxy = FCE396FF261B9F4700215403 /* PBXContainerItemProxy */;
		};
/* End PBXTargetDependency section */

/* Begin XCBuildConfiguration section */
		FCE39705261B9F4700215403 /* Debug */ = {
			isa = XCBuildConfiguration;
			buildSettings = {
				ALWAYS_SEARCH_USER_PATHS = NO;
				CLANG_ANALYZER_NONNULL = YES;
				CLANG_ANALYZER_NUMBER_OBJECT_CONVERSION = YES_AGGRESSIVE;
				CLANG_CXX_LANGUAGE_STANDARD = "gnu++14";
				CLANG_CXX_LIBRARY = "libc++";
				CLANG_ENABLE_MODULES = YES;
				CLANG_ENABLE_OBJC_ARC = YES;
				CLANG_ENABLE_OBJC_WEAK = YES;
				CLANG_WARN_BLOCK_CAPTURE_AUTORELEASING = YES;
				CLANG_WARN_BOOL_CONVERSION = YES;
				CLANG_WARN_COMMA = YES;
				CLANG_WARN_CONSTANT_CONVERSION = YES;
				CLANG_WARN_DEPRECATED_OBJC_IMPLEMENTATIONS = YES;
				CLANG_WARN_DIRECT_OBJC_ISA_USAGE = YES_ERROR;
				CLANG_WARN_DOCUMENTATION_COMMENTS = YES;
				CLANG_WARN_EMPTY_BODY = YES;
				CLANG_WARN_ENUM_CONVERSION = YES;
				CLANG_WARN_INFINITE_RECURSION = YES;
				CLANG_WARN_INT_CONVERSION = YES;
				CLANG_WARN_NON_LITERAL_NULL_CONVERSION = YES;
				CLANG_WARN_OBJC_IMPLICIT_RETAIN_SELF = YES;
				CLANG_WARN_OBJC_LITERAL_CONVERSION = YES;
				CLANG_WARN_OBJC_ROOT_CLASS = YES_ERROR;
				CLANG_WARN_QUOTED_INCLUDE_IN_FRAMEWORK_HEADER = YES;
				CLANG_WARN_RANGE_LOOP_ANALYSIS = YES;
				CLANG_WARN_STRICT_PROTOTYPES = YES;
				CLANG_WARN_SUSPICIOUS_MOVE = YES;
				CLANG_WARN_UNGUARDED_AVAILABILITY = YES_AGGRESSIVE;
				CLANG_WARN_UNREACHABLE_CODE = YES;
				CLANG_WARN__DUPLICATE_METHOD_MATCH = YES;
				COPY_PHASE_STRIP = NO;
				DEBUG_INFORMATION_FORMAT = dwarf;
				ENABLE_STRICT_OBJC_MSGSEND = YES;
				ENABLE_TESTABILITY = YES;
				GCC_C_LANGUAGE_STANDARD = gnu11;
				GCC_DYNAMIC_NO_PIC = NO;
				GCC_NO_COMMON_BLOCKS = YES;
				GCC_OPTIMIZATION_LEVEL = 0;
				GCC_PREPROCESSOR_DEFINITIONS = (
					"DEBUG=1",
					"$(inherited)",
				);
				GCC_WARN_64_TO_32_BIT_CONVERSION = YES;
				GCC_WARN_ABOUT_RETURN_TYPE = YES_ERROR;
				GCC_WARN_UNDECLARED_SELECTOR = YES;
				GCC_WARN_UNINITIALIZED_AUTOS = YES_AGGRESSIVE;
				GCC_WARN_UNUSED_FUNCTION = YES;
				GCC_WARN_UNUSED_VARIABLE = YES;
				MACOSX_DEPLOYMENT_TARGET = 11.1;
				MTL_ENABLE_DEBUG_INFO = INCLUDE_SOURCE;
				MTL_FAST_MATH = YES;
				ONLY_ACTIVE_ARCH = YES;
				SDKROOT = macosx;
				SWIFT_ACTIVE_COMPILATION_CONDITIONS = DEBUG;
				SWIFT_OPTIMIZATION_LEVEL = "-Onone";
			};
			name = Debug;
		};
		FCE39706261B9F4700215403 /* Release */ = {
			isa = XCBuildConfiguration;
			buildSettings = {
				ALWAYS_SEARCH_USER_PATHS = NO;
				CLANG_ANALYZER_NONNULL = YES;
				CLANG_ANALYZER_NUMBER_OBJECT_CONVERSION = YES_AGGRESSIVE;
				CLANG_CXX_LANGUAGE_STANDARD = "gnu++14";
				CLANG_CXX_LIBRARY = "libc++";
				CLANG_ENABLE_MODULES = YES;
				CLANG_ENABLE_OBJC_ARC = YES;
				CLANG_ENABLE_OBJC_WEAK = YES;
				CLANG_WARN_BLOCK_CAPTURE_AUTORELEASING = YES;
				CLANG_WARN_BOOL_CONVERSION = YES;
				CLANG_WARN_COMMA = YES;
				CLANG_WARN_CONSTANT_CONVERSION = YES;
				CLANG_WARN_DEPRECATED_OBJC_IMPLEMENTATIONS = YES;
				CLANG_WARN_DIRECT_OBJC_ISA_USAGE = YES_ERROR;
				CLANG_WARN_DOCUMENTATION_COMMENTS = YES;
				CLANG_WARN_EMPTY_BODY = YES;
				CLANG_WARN_ENUM_CONVERSION = YES;
				CLANG_WARN_INFINITE_RECURSION = YES;
				CLANG_WARN_INT_CONVERSION = YES;
				CLANG_WARN_NON_LITERAL_NULL_CONVERSION = YES;
				CLANG_WARN_OBJC_IMPLICIT_RETAIN_SELF = YES;
				CLANG_WARN_OBJC_LITERAL_CONVERSION = YES;
				CLANG_WARN_OBJC_ROOT_CLASS = YES_ERROR;
				CLANG_WARN_QUOTED_INCLUDE_IN_FRAMEWORK_HEADER = YES;
				CLANG_WARN_RANGE_LOOP_ANALYSIS = YES;
				CLANG_WARN_STRICT_PROTOTYPES = YES;
				CLANG_WARN_SUSPICIOUS_MOVE = YES;
				CLANG_WARN_UNGUARDED_AVAILABILITY = YES_AGGRESSIVE;
				CLANG_WARN_UNREACHABLE_CODE = YES;
				CLANG_WARN__DUPLICATE_METHOD_MATCH = YES;
				COPY_PHASE_STRIP = NO;
				DEBUG_INFORMATION_FORMAT = "dwarf-with-dsym";
				ENABLE_NS_ASSERTIONS = NO;
				ENABLE_STRICT_OBJC_MSGSEND = YES;
				GCC_C_LANGUAGE_STANDARD = gnu11;
				GCC_NO_COMMON_BLOCKS = YES;
				GCC_WARN_64_TO_32_BIT_CONVERSION = YES;
				GCC_WARN_ABOUT_RETURN_TYPE = YES_ERROR;
				GCC_WARN_UNDECLARED_SELECTOR = YES;
				GCC_WARN_UNINITIALIZED_AUTOS = YES_AGGRESSIVE;
				GCC_WARN_UNUSED_FUNCTION = YES;
				GCC_WARN_UNUSED_VARIABLE = YES;
				MACOSX_DEPLOYMENT_TARGET = 11.1;
				MTL_ENABLE_DEBUG_INFO = NO;
				MTL_FAST_MATH = YES;
				SDKROOT = macosx;
				SWIFT_COMPILATION_MODE = wholemodule;
				SWIFT_OPTIMIZATION_LEVEL = "-O";
			};
			name = Release;
		};
		FCE39708261B9F4700215403 /* Debug */ = {
			isa = XCBuildConfiguration;
			buildSettings = {
				ASSETCATALOG_COMPILER_APPICON_NAME = AppIcon;
				ASSETCATALOG_COMPILER_GLOBAL_ACCENT_COLOR_NAME = AccentColor;
				CODE_SIGN_ENTITLEMENTS = Connect4/Connect4.entitlements;
				CODE_SIGN_STYLE = Automatic;
				COMBINE_HIDPI_IMAGES = YES;
				DEVELOPMENT_ASSET_PATHS = "\"Connect4/Preview Content\"";
				DEVELOPMENT_TEAM = E3KE2K2Q4N;
				ENABLE_HARDENED_RUNTIME = YES;
				ENABLE_PREVIEWS = YES;
				INFOPLIST_FILE = Connect4/Info.plist;
				LD_RUNPATH_SEARCH_PATHS = (
					"$(inherited)",
					"@executable_path/../Frameworks",
				);
				MACOSX_DEPLOYMENT_TARGET = 11.0;
				PRODUCT_BUNDLE_IDENTIFIER = com.MarkCarruthers.Connect4;
				PRODUCT_NAME = "$(TARGET_NAME)";
				SWIFT_VERSION = 5.0;
			};
			name = Debug;
		};
		FCE39709261B9F4700215403 /* Release */ = {
			isa = XCBuildConfiguration;
			buildSettings = {
				ASSETCATALOG_COMPILER_APPICON_NAME = AppIcon;
				ASSETCATALOG_COMPILER_GLOBAL_ACCENT_COLOR_NAME = AccentColor;
				CODE_SIGN_ENTITLEMENTS = Connect4/Connect4.entitlements;
				CODE_SIGN_STYLE = Automatic;
				COMBINE_HIDPI_IMAGES = YES;
				DEVELOPMENT_ASSET_PATHS = "\"Connect4/Preview Content\"";
				DEVELOPMENT_TEAM = E3KE2K2Q4N;
				ENABLE_HARDENED_RUNTIME = YES;
				ENABLE_PREVIEWS = YES;
				INFOPLIST_FILE = Connect4/Info.plist;
				LD_RUNPATH_SEARCH_PATHS = (
					"$(inherited)",
					"@executable_path/../Frameworks",
				);
				MACOSX_DEPLOYMENT_TARGET = 11.0;
				PRODUCT_BUNDLE_IDENTIFIER = com.MarkCarruthers.Connect4;
				PRODUCT_NAME = "$(TARGET_NAME)";
				SWIFT_VERSION = 5.0;
			};
			name = Release;
		};
		FCE3970B261B9F4700215403 /* Debug */ = {
			isa = XCBuildConfiguration;
			buildSettings = {
				ALWAYS_EMBED_SWIFT_STANDARD_LIBRARIES = YES;
				BUNDLE_LOADER = "$(TEST_HOST)";
				CODE_SIGN_STYLE = Automatic;
				COMBINE_HIDPI_IMAGES = YES;
				DEVELOPMENT_TEAM = E3KE2K2Q4N;
				INFOPLIST_FILE = Connect4Tests/Info.plist;
				LD_RUNPATH_SEARCH_PATHS = (
					"$(inherited)",
					"@executable_path/../Frameworks",
					"@loader_path/../Frameworks",
				);
				MACOSX_DEPLOYMENT_TARGET = 11.0;
				PRODUCT_BUNDLE_IDENTIFIER = com.MarkCarruthers.Connect4Tests;
				PRODUCT_NAME = "$(TARGET_NAME)";
				SWIFT_VERSION = 5.0;
				TEST_HOST = "$(BUILT_PRODUCTS_DIR)/Connect4.app/Contents/MacOS/Connect4";
			};
			name = Debug;
		};
		FCE3970C261B9F4700215403 /* Release */ = {
			isa = XCBuildConfiguration;
			buildSettings = {
				ALWAYS_EMBED_SWIFT_STANDARD_LIBRARIES = YES;
				BUNDLE_LOADER = "$(TEST_HOST)";
				CODE_SIGN_STYLE = Automatic;
				COMBINE_HIDPI_IMAGES = YES;
				DEVELOPMENT_TEAM = E3KE2K2Q4N;
				INFOPLIST_FILE = Connect4Tests/Info.plist;
				LD_RUNPATH_SEARCH_PATHS = (
					"$(inherited)",
					"@executable_path/../Frameworks",
					"@loader_path/../Frameworks",
				);
				MACOSX_DEPLOYMENT_TARGET = 11.0;
				PRODUCT_BUNDLE_IDENTIFIER = com.MarkCarruthers.Connect4Tests;
				PRODUCT_NAME = "$(TARGET_NAME)";
				SWIFT_VERSION = 5.0;
				TEST_HOST = "$(BUILT_PRODUCTS_DIR)/Connect4.app/Contents/MacOS/Connect4";
			};
			name = Release;
		};
		FCE3970E261B9F4700215403 /* Debug */ = {
			isa = XCBuildConfiguration;
			buildSettings = {
				ALWAYS_EMBED_SWIFT_STANDARD_LIBRARIES = YES;
				CODE_SIGN_STYLE = Automatic;
				COMBINE_HIDPI_IMAGES = YES;
				DEVELOPMENT_TEAM = E3KE2K2Q4N;
				INFOPLIST_FILE = Connect4UITests/Info.plist;
				LD_RUNPATH_SEARCH_PATHS = (
					"$(inherited)",
					"@executable_path/../Frameworks",
					"@loader_path/../Frameworks",
				);
				PRODUCT_BUNDLE_IDENTIFIER = com.MarkCarruthers.Connect4UITests;
				PRODUCT_NAME = "$(TARGET_NAME)";
				SWIFT_VERSION = 5.0;
				TEST_TARGET_NAME = Connect4;
			};
			name = Debug;
		};
		FCE3970F261B9F4700215403 /* Release */ = {
			isa = XCBuildConfiguration;
			buildSettings = {
				ALWAYS_EMBED_SWIFT_STANDARD_LIBRARIES = YES;
				CODE_SIGN_STYLE = Automatic;
				COMBINE_HIDPI_IMAGES = YES;
				DEVELOPMENT_TEAM = E3KE2K2Q4N;
				INFOPLIST_FILE = Connect4UITests/Info.plist;
				LD_RUNPATH_SEARCH_PATHS = (
					"$(inherited)",
					"@executable_path/../Frameworks",
					"@loader_path/../Frameworks",
				);
				PRODUCT_BUNDLE_IDENTIFIER = com.MarkCarruthers.Connect4UITests;
				PRODUCT_NAME = "$(TARGET_NAME)";
				SWIFT_VERSION = 5.0;
				TEST_TARGET_NAME = Connect4;
			};
			name = Release;
		};
/* End XCBuildConfiguration section */

/* Begin XCConfigurationList section */
		FCE396DC261B9F4600215403 /* Build configuration list for PBXProject "Connect4" */ = {
			isa = XCConfigurationList;
			buildConfigurations = (
				FCE39705261B9F4700215403 /* Debug */,
				FCE39706261B9F4700215403 /* Release */,
			);
			defaultConfigurationIsVisible = 0;
			defaultConfigurationName = Release;
		};
		FCE39707261B9F4700215403 /* Build configuration list for PBXNativeTarget "Connect4" */ = {
			isa = XCConfigurationList;
			buildConfigurations = (
				FCE39708261B9F4700215403 /* Debug */,
				FCE39709261B9F4700215403 /* Release */,
			);
			defaultConfigurationIsVisible = 0;
			defaultConfigurationName = Release;
		};
		FCE3970A261B9F4700215403 /* Build configuration list for PBXNativeTarget "Connect4Tests" */ = {
			isa = XCConfigurationList;
			buildConfigurations = (
				FCE3970B261B9F4700215403 /* Debug */,
				FCE3970C261B9F4700215403 /* Release */,
			);
			defaultConfigurationIsVisible = 0;
			defaultConfigurationName = Release;
		};
		FCE3970D261B9F4700215403 /* Build configuration list for PBXNativeTarget "Connect4UITests" */ = {
			isa = XCConfigurationList;
			buildConfigurations = (
				FCE3970E261B9F4700215403 /* Debug */,
				FCE3970F261B9F4700215403 /* Release */,
			);
			defaultConfigurationIsVisible = 0;
			defaultConfigurationName = Release;
		};
/* End XCConfigurationList section */
	};
	rootObject = FCE396D9261B9F4600215403 /* Project object */;
}
